
Microsoft Visual Studio Solution File, Format Version 12.00
# Visual Studio Version 17
VisualStudioVersion = 17.0.31717.71
MinimumVisualStudioVersion = 10.0.40219.1
Project("{FAE04EC0-301F-11D3-BF4B-00C04F79EFBC}") = "Poloniex", "Poloniex\Poloniex.csproj", "{740E938E-BD15-4E8A-B68B-81E2D6B36483}"
EndProject
Global
	GlobalSection(SolutionConfigurationPlatforms) = preSolution
		Debug|Any CPU = Debug|Any CPU
		Release|Any CPU = Release|Any CPU
	EndGlobalSection
	GlobalSection(ProjectConfigurationPlatforms) = postSolution
		{740E938E-BD15-4E8A-B68B-81E2D6B36483}.Debug|Any CPU.ActiveCfg = Debug|Any CPU
		{740E938E-BD15-4E8A-B68B-81E2D6B36483}.Debug|Any CPU.Build.0 = Debug|Any CPU
		{740E938E-BD15-4E8A-B68B-81E2D6B36483}.Release|Any CPU.ActiveCfg = Release|Any CPU
		{740E938E-BD15-4E8A-B68B-81E2D6B36483}.Release|Any CPU.Build.0 = Release|Any CPU
	EndGlobalSection
	GlobalSection(SolutionProperties) = preSolution
		HideSolutionNode = FALSE
	EndGlobalSection
	GlobalSection(ExtensibilityGlobals) = postSolution
		SolutionGuid = {20995659-8E23-4C89-BA28-7BEA387CA818}
	EndGlobalSection
EndGlobal
